
Microsoft Visual Studio Solution File, Format Version 12.00
# Visual Studio 2013
VisualStudioVersion = 12.0.31101.0
MinimumVisualStudioVersion = 10.0.40219.1
Project("{E24C65DC-7377-472B-9ABA-BC803B73C61A}") = "接口示例新框架", "http://localhost:29217", "{D215E4CF-C780-4070-8EE2-C7B0B67F7AF6}"
	ProjectSection(WebsiteProperties) = preProject
		UseIISExpress = "true"
		TargetFrameworkMoniker = ".NETFramework,Version%3Dv4.0"
		Debug.AspNetCompiler.VirtualPath = "/localhost_29217"
		Debug.AspNetCompiler.PhysicalPath = "E:\11-我的工作\Web二次开发资源建设\接口示例改版\接口示例新框架\"
		Debug.AspNetCompiler.TargetPath = "PrecompiledWeb\localhost_29217\"
		Debug.AspNetCompiler.Updateable = "true"
		Debug.AspNetCompiler.ForceOverwrite = "true"
		Debug.AspNetCompiler.FixedNames = "false"
		Debug.AspNetCompiler.Debug = "True"
		Release.AspNetCompiler.VirtualPath = "/localhost_29217"
		Release.AspNetCompiler.PhysicalPath = "E:\11-我的工作\Web二次开发资源建设\接口示例改版\接口示例新框架\"
		Release.AspNetCompiler.TargetPath = "PrecompiledWeb\localhost_29217\"
		Release.AspNetCompiler.Updateable = "true"
		Release.AspNetCompiler.ForceOverwrite = "true"
		Release.AspNetCompiler.FixedNames = "false"
		Release.AspNetCompiler.Debug = "False"
		SlnRelativePath = "E:\11-我的工作\Web二次开发资源建设\接口示例改版\接口示例新框架\"
	EndProjectSection
EndProject
Global
	GlobalSection(SolutionConfigurationPlatforms) = preSolution
		Debug|Any CPU = Debug|Any CPU
	EndGlobalSection
	GlobalSection(ProjectConfigurationPlatforms) = postSolution
		{D215E4CF-C780-4070-8EE2-C7B0B67F7AF6}.Debug|Any CPU.ActiveCfg = Debug|Any CPU
		{D215E4CF-C780-4070-8EE2-C7B0B67F7AF6}.Debug|Any CPU.Build.0 = Debug|Any CPU
	EndGlobalSection
	GlobalSection(SolutionProperties) = preSolution
		HideSolutionNode = FALSE
	EndGlobalSection
EndGlobal
